<?xml version="1.0" encoding="utf-8"?>
<Project ToolsVersion="4.0" xmlns="http://schemas.microsoft.com/developer/msbuild/2003">
  <ItemGroup>
    <Filter Include="MasterServer">
      <UniqueIdentifier>{4FC737F1-C7A5-4376-A066-2A32D752A2FF}</UniqueIdentifier>
      <Extensions>cpp;c;cc;cxx;c++;cppm;ixx;def;odl;idl;hpj;bat;asm;asmx</Extensions>
    </Filter>
    <Filter Include="Client">
      <UniqueIdentifier>{b3f8bb7c-9fd9-4407-b6c7-5c18318d11fb}</UniqueIdentifier>
    </Filter>
    <Filter Include="BalancedServer">
      <UniqueIdentifier>{4b6d9132-0ea3-43b8-a8b7-4794c3fa9f28}</UniqueIdentifier>
    </Filter>
    <Filter Include="SharedPackets">
      <UniqueIdentifier>{b78eaba9-a72f-4182-a357-dc4886c4894c}</UniqueIdentifier>
    </Filter>
    <Filter Include="GameSession">
      <UniqueIdentifier>{9e3bd0c8-4db6-4046-8496-c25d32eedee5}</UniqueIdentifier>
    </Filter>
  </ItemGroup>
  <ItemGroup>
    <ClCompile Include="JNetMasterServer.cpp">
      <Filter>MasterServer</Filter>
    </ClCompile>
    <ClCompile Include="JNetBalancedServer.cpp">
      <Filter>BalancedServer</Filter>
    </ClCompile>
    <ClCompile Include="JNetClient.cpp">
      <Filter>Client</Filter>
    </ClCompile>
    <ClCompile Include="JNetGameSession.cpp">
      <Filter>GameSession</Filter>
    </ClCompile>
  </ItemGroup>
  <ItemGroup>
    <ClInclude Include="JNetMasterServer.h">
      <Filter>MasterServer</Filter>
    </ClInclude>
    <ClInclude Include="JNetBalancedServer.h">
      <Filter>BalancedServer</Filter>
    </ClInclude>
    <ClInclude Include="JNetClient.h">
      <Filter>Client</Filter>
    </ClInclude>
    <ClInclude Include="JNetPackets.h">
      <Filter>SharedPackets</Filter>
    </ClInclude>
    <ClInclude Include="JNetGameSession.h">
      <Filter>GameSession</Filter>
    </ClInclude>
  </ItemGroup>
</Project>